lockfileVersion: '9.0'

settings:
  autoInstallPeers: true
  excludeLinksFromLockfile: false

importers:

  .:
    devDependencies:
      '@remix-run/fetch-router':
        specifier: ^0.14.0
        version: 0.14.0(@remix-run/headers@0.18.0)(@remix-run/route-pattern@0.16.0)(@remix-run/session@0.4.1)
      '@remix-run/route-pattern':
        specifier: ^0.16.0
        version: 0.16.0
      '@types/node':
        specifier: ^24.10.4
        version: 24.10.4
      typescript:
        specifier: ^5.9.3
        version: 5.9.3

packages:

  '@remix-run/fetch-router@0.14.0':
    resolution: {integrity: sha512-NAujUz27JtkAdzPHG0vX85tS3HS5Gpw0NqxpGYgrQ7Jt9ua+BYZdFcPbMduioLcs7e/1jsmNVpr4zmMQtK9d7g==}
    peerDependencies:
      '@remix-run/headers': ^0.18.0
      '@remix-run/route-pattern': ^0.16.0
      '@remix-run/session': ^0.4.1

  '@remix-run/headers@0.18.0':
    resolution: {integrity: sha512-5V/doLOF1IBuMhV+USa/ImUzpql4SQ0VBbNKbRHvrwRK59GYGVqtcwpVzgdFb5QEa2vIedq4JdOy7FIesZUpIw==}

  '@remix-run/route-pattern@0.16.0':
    resolution: {integrity: sha512-Co6bPtODF7cLYVBweayRXfEb31ybz45WqwT/u72eDQJZgRSVKFf0Ps9fqinSaiX0Xp7jvkRCBAbSUgLuLLjzuw==}

  '@remix-run/session@0.4.1':
    resolution: {integrity: sha512-Bm6aKYgutb/raHZ3laloz8g/Qu7f3CeK3o4gUVDMxtEiAdWCzJamwHoTpGOc5+g1Kuy7z85v4M6nGrF06MFDSg==}

  '@types/node@24.10.4':
    resolution: {integrity: sha512-vnDVpYPMzs4wunl27jHrfmwojOGKya0xyM3sH+UE5iv5uPS6vX7UIoh6m+vQc5LGBq52HBKPIn/zcSZVzeDEZg==}

  typescript@5.9.3:
    resolution: {integrity: sha512-jl1vZzPDinLr9eUt3J/t7V6FgNEw9QjvBPdysz9KfQDD41fQrC2Y4vKQdiaUpFT4bXlb1RHhLpp8wtm6M5TgSw==}
    engines: {node: '>=14.17'}
    hasBin: true

  undici-types@7.16.0:
    resolution: {integrity: sha512-Zz+aZWSj8LE6zoxD+xrjh4VfkIG8Ya6LvYkZqtUQGJPZjYl53ypCaUwWqo7eI0x66KBGeRo+mlBEkMSeSZ38Nw==}

snapshots:

  '@remix-run/fetch-router@0.14.0(@remix-run/headers@0.18.0)(@remix-run/route-pattern@0.16.0)(@remix-run/session@0.4.1)':
    dependencies:
      '@remix-run/headers': 0.18.0
      '@remix-run/route-pattern': 0.16.0
      '@remix-run/session': 0.4.1

  '@remix-run/headers@0.18.0': {}

  '@remix-run/route-pattern@0.16.0': {}

  '@remix-run/session@0.4.1': {}

  '@types/node@24.10.4':
    dependencies:
      undici-types: 7.16.0

  typescript@5.9.3: {}

  undici-types@7.16.0: {}
