lockfileVersion: '9.0'

settings:
  autoInstallPeers: true
  excludeLinksFromLockfile: false

importers:

  .:
    dependencies:
      '@remix-run/fetch-router':
        specifier: 0.12.0
        version: 0.12.0(@remix-run/route-pattern@0.15.3)(@remix-run/session@0.4.0)
      '@remix-run/form-data-middleware':
        specifier: 0.1.0
        version: 0.1.0(@remix-run/fetch-router@0.12.0(@remix-run/route-pattern@0.15.3)(@remix-run/session@0.4.0))(@remix-run/form-data-parser@0.14.0)
      '@remix-run/html-template':
        specifier: 0.3.0
        version: 0.3.0
      '@remix-run/node-fetch-server':
        specifier: 0.12.0
        version: 0.12.0
      '@remix-run/response':
        specifier: 0.2.0
        version: 0.2.0(@remix-run/html-template@0.3.0)(@remix-run/mime@0.1.0)
      fetch-router-extra:
        specifier: file:../
        version: file:..(@remix-run/fetch-router@0.12.0(@remix-run/route-pattern@0.15.3)(@remix-run/session@0.4.0))
      zod:
        specifier: ^4.1.13
        version: 4.1.13
    devDependencies:
      '@types/node':
        specifier: ^24.6.0
        version: 24.10.1

packages:

  '@remix-run/fetch-router@0.12.0':
    resolution: {integrity: sha512-BDG/VepZg2ZJ7wav3HDrB9ZJLpzZONHi9ItOkFMcKsrbm5g7jjrxW5Vdijbbebz12pbJQu6VKTwLVXp/LgFusA==}
    peerDependencies:
      '@remix-run/headers': ^0.17.2
      '@remix-run/route-pattern': ^0.15.3
      '@remix-run/session': ^0.4.0

  '@remix-run/form-data-middleware@0.1.0':
    resolution: {integrity: sha512-Nu0RvaFYWTLU3nmzMLbxNZPZV/A54bv6sW7SOTNIvqNwKSKCOLvnLxvMvbxyzo4Wt7VFyojoM4yO7dbF3iX2iQ==}
    peerDependencies:
      '@remix-run/fetch-router': ^0.9.0
      '@remix-run/form-data-parser': ^0.14.0

  '@remix-run/form-data-parser@0.14.0':
    resolution: {integrity: sha512-erLDiOCYPkuhbRUv9PVlPa0izyruppBRwxQbvAR+cZ5d1EX4Nv21AGcZn2x63pZMxclWRnnLpmDTjACXgZFgWg==}

  '@remix-run/headers@0.15.0':
    resolution: {integrity: sha512-wGXHv9nAt8z8KQqc1bdtclduJwTO+zlQEjcNqYyifE8WqKToYu6/PJCDh5PGn0o4DHj8K71rEyP3MwZsIRRccg==}

  '@remix-run/html-template@0.3.0':
    resolution: {integrity: sha512-aAMx68udtIk0fmCpCXHYscVeCDsRVEmEgh4XvtusPr3vkHu3jn4gx5oAxgsPXPdDmmD/d75SYyI0m/F+aLz5iQ==}

  '@remix-run/mime@0.1.0':
    resolution: {integrity: sha512-SUuIhuzaFdPPF8hPJ2qneILnP3Nxc96jvuz6QAhXDeqenXsCNUdduF+6J2PILdzme0t3dVZcHARfcgYPTaOWdg==}

  '@remix-run/multipart-parser@0.13.0':
    resolution: {integrity: sha512-EMEnc4YOzOnw62BmdTqvlmvzUCYDsQ1fpca6Xtvn8oV5GHXMYJoB3ocQyA+KNAa3j8QzKyNomifUXJ9OVrGEXA==}

  '@remix-run/node-fetch-server@0.12.0':
    resolution: {integrity: sha512-oeg8w8aJJSuq1fCx85jCkcgTfI6On7sKwWVSO4/OW5AvTBuosAIwnuBd/LYeU/I7lYPOTW2NXhUfyfpyeexs4w==}

  '@remix-run/response@0.2.0':
    resolution: {integrity: sha512-oo5LA6On7OO2uJxjjYOsvEHvc5MnBdQavZoiuT2a9HiwKRNpc8Y3D85oqHjtJJBNtgg+Ug1JN3H0RILezpAYTg==}
    peerDependencies:
      '@remix-run/headers': ^0.18.0
      '@remix-run/html-template': ^0.3.0
      '@remix-run/mime': ^0.1.0

  '@remix-run/route-pattern@0.15.3':
    resolution: {integrity: sha512-7s4Oy9q6Oz9Vfwg0iZscpmYVASNG9fLqbCa+YY0+SWKksDpvCRiW46xp3S3zEvT7zEP7G55FKA+JdrqqK2AOXw==}

  '@remix-run/session@0.4.0':
    resolution: {integrity: sha512-xDOPFllrjaEvIekzRfqO8VG2DsFfVasSjB49ElH4nR31YsqEGDCwCmK4GWSv/GsS1Bo+0JRHmIBTNdvNORLp7A==}

  '@types/node@24.10.1':
    resolution: {integrity: sha512-GNWcUTRBgIRJD5zj+Tq0fKOJ5XZajIiBroOF0yvj2bSU1WvNdYS/dn9UxwsujGW4JX06dnHyjV2y9rRaybH0iQ==}

  fetch-router-extra@file:..:
    resolution: {directory: .., type: directory}
    peerDependencies:
      '@remix-run/fetch-router': ^0.12.0

  undici-types@7.16.0:
    resolution: {integrity: sha512-Zz+aZWSj8LE6zoxD+xrjh4VfkIG8Ya6LvYkZqtUQGJPZjYl53ypCaUwWqo7eI0x66KBGeRo+mlBEkMSeSZ38Nw==}

  zod@4.1.13:
    resolution: {integrity: sha512-AvvthqfqrAhNH9dnfmrfKzX5upOdjUVJYFqNSlkmGf64gRaTzlPwz99IHYnVs28qYAybvAlBV+H7pn0saFY4Ig==}

snapshots:

  '@remix-run/fetch-router@0.12.0(@remix-run/route-pattern@0.15.3)(@remix-run/session@0.4.0)':
    dependencies:
      '@remix-run/route-pattern': 0.15.3
      '@remix-run/session': 0.4.0

  '@remix-run/form-data-middleware@0.1.0(@remix-run/fetch-router@0.12.0(@remix-run/route-pattern@0.15.3)(@remix-run/session@0.4.0))(@remix-run/form-data-parser@0.14.0)':
    dependencies:
      '@remix-run/fetch-router': 0.12.0(@remix-run/route-pattern@0.15.3)(@remix-run/session@0.4.0)
      '@remix-run/form-data-parser': 0.14.0

  '@remix-run/form-data-parser@0.14.0':
    dependencies:
      '@remix-run/multipart-parser': 0.13.0

  '@remix-run/headers@0.15.0': {}

  '@remix-run/html-template@0.3.0': {}

  '@remix-run/mime@0.1.0': {}

  '@remix-run/multipart-parser@0.13.0':
    dependencies:
      '@remix-run/headers': 0.15.0

  '@remix-run/node-fetch-server@0.12.0': {}

  '@remix-run/response@0.2.0(@remix-run/html-template@0.3.0)(@remix-run/mime@0.1.0)':
    dependencies:
      '@remix-run/html-template': 0.3.0
      '@remix-run/mime': 0.1.0

  '@remix-run/route-pattern@0.15.3': {}

  '@remix-run/session@0.4.0': {}

  '@types/node@24.10.1':
    dependencies:
      undici-types: 7.16.0

  fetch-router-extra@file:..(@remix-run/fetch-router@0.12.0(@remix-run/route-pattern@0.15.3)(@remix-run/session@0.4.0)):
    dependencies:
      '@remix-run/fetch-router': 0.12.0(@remix-run/route-pattern@0.15.3)(@remix-run/session@0.4.0)

  undici-types@7.16.0: {}

  zod@4.1.13: {}
